
Microsoft Visual Studio Solution File, Format Version 12.00
# Visual Studio 14
VisualStudioVersion = 14.0.25123.0
MinimumVisualStudioVersion = 10.0.40219.1
Project("{FAE04EC0-301F-11D3-BF4B-00C04F79EFBC}") = "SharpGeometri", "SharpGeometri\SharpGeometri.csproj", "{08D11B39-D967-4C2C-BB5B-593E137A28B6}"
EndProject
Project("{F184B08F-C81C-45F6-A57F-5ABD9991F28F}") = "VBLibrary", "VBLibrary\VBLibrary.vbproj", "{4906E2D8-3E76-46BA-9EFF-B5561D53E604}"
EndProject
Project("{8BC9CEB8-8B4A-11D0-8D11-00A0C91BC942}") = "ClassLibrary1", "ClassLibrary1\ClassLibrary1.vcxproj", "{432CB396-18AC-4351-8984-F5F6667EAA3C}"
EndProject
Global
	GlobalSection(SolutionConfigurationPlatforms) = preSolution
		Debug|Any CPU = Debug|Any CPU
		Debug|x64 = Debug|x64
		Debug|x86 = Debug|x86
		Release|Any CPU = Release|Any CPU
		Release|x64 = Release|x64
		Release|x86 = Release|x86
	EndGlobalSection
	GlobalSection(ProjectConfigurationPlatforms) = postSolution
		{08D11B39-D967-4C2C-BB5B-593E137A28B6}.Debug|Any CPU.ActiveCfg = Debug|Any CPU
		{08D11B39-D967-4C2C-BB5B-593E137A28B6}.Debug|Any CPU.Build.0 = Debug|Any CPU
		{08D11B39-D967-4C2C-BB5B-593E137A28B6}.Debug|x64.ActiveCfg = Debug|Any CPU
		{08D11B39-D967-4C2C-BB5B-593E137A28B6}.Debug|x64.Build.0 = Debug|Any CPU
		{08D11B39-D967-4C2C-BB5B-593E137A28B6}.Debug|x86.ActiveCfg = Debug|Any CPU
		{08D11B39-D967-4C2C-BB5B-593E137A28B6}.Debug|x86.Build.0 = Debug|Any CPU
		{08D11B39-D967-4C2C-BB5B-593E137A28B6}.Release|Any CPU.ActiveCfg = Release|Any CPU
		{08D11B39-D967-4C2C-BB5B-593E137A28B6}.Release|Any CPU.Build.0 = Release|Any CPU
		{08D11B39-D967-4C2C-BB5B-593E137A28B6}.Release|x64.ActiveCfg = Release|Any CPU
		{08D11B39-D967-4C2C-BB5B-593E137A28B6}.Release|x64.Build.0 = Release|Any CPU
		{08D11B39-D967-4C2C-BB5B-593E137A28B6}.Release|x86.ActiveCfg = Release|Any CPU
		{08D11B39-D967-4C2C-BB5B-593E137A28B6}.Release|x86.Build.0 = Release|Any CPU
		{4906E2D8-3E76-46BA-9EFF-B5561D53E604}.Debug|Any CPU.ActiveCfg = Debug|Any CPU
		{4906E2D8-3E76-46BA-9EFF-B5561D53E604}.Debug|Any CPU.Build.0 = Debug|Any CPU
		{4906E2D8-3E76-46BA-9EFF-B5561D53E604}.Debug|x64.ActiveCfg = Debug|Any CPU
		{4906E2D8-3E76-46BA-9EFF-B5561D53E604}.Debug|x64.Build.0 = Debug|Any CPU
		{4906E2D8-3E76-46BA-9EFF-B5561D53E604}.Debug|x86.ActiveCfg = Debug|Any CPU
		{4906E2D8-3E76-46BA-9EFF-B5561D53E604}.Debug|x86.Build.0 = Debug|Any CPU
		{4906E2D8-3E76-46BA-9EFF-B5561D53E604}.Release|Any CPU.ActiveCfg = Release|Any CPU
		{4906E2D8-3E76-46BA-9EFF-B5561D53E604}.Release|Any CPU.Build.0 = Release|Any CPU
		{4906E2D8-3E76-46BA-9EFF-B5561D53E604}.Release|x64.ActiveCfg = Release|Any CPU
		{4906E2D8-3E76-46BA-9EFF-B5561D53E604}.Release|x64.Build.0 = Release|Any CPU
		{4906E2D8-3E76-46BA-9EFF-B5561D53E604}.Release|x86.ActiveCfg = Release|Any CPU
		{4906E2D8-3E76-46BA-9EFF-B5561D53E604}.Release|x86.Build.0 = Release|Any CPU
		{432CB396-18AC-4351-8984-F5F6667EAA3C}.Debug|Any CPU.ActiveCfg = Debug|Win32
		{432CB396-18AC-4351-8984-F5F6667EAA3C}.Debug|x64.ActiveCfg = Debug|x64
		{432CB396-18AC-4351-8984-F5F6667EAA3C}.Debug|x64.Build.0 = Debug|x64
		{432CB396-18AC-4351-8984-F5F6667EAA3C}.Debug|x86.ActiveCfg = Debug|Win32
		{432CB396-18AC-4351-8984-F5F6667EAA3C}.Debug|x86.Build.0 = Debug|Win32
		{432CB396-18AC-4351-8984-F5F6667EAA3C}.Release|Any CPU.ActiveCfg = Release|Win32
		{432CB396-18AC-4351-8984-F5F6667EAA3C}.Release|x64.ActiveCfg = Release|x64
		{432CB396-18AC-4351-8984-F5F6667EAA3C}.Release|x64.Build.0 = Release|x64
		{432CB396-18AC-4351-8984-F5F6667EAA3C}.Release|x86.ActiveCfg = Release|Win32
		{432CB396-18AC-4351-8984-F5F6667EAA3C}.Release|x86.Build.0 = Release|Win32
	EndGlobalSection
	GlobalSection(SolutionProperties) = preSolution
		HideSolutionNode = FALSE
	EndGlobalSection
EndGlobal
